
Microsoft Visual Studio Solution File, Format Version 12.00
# Visual Studio Version 17
VisualStudioVersion = 17.6.33723.286
MinimumVisualStudioVersion = 10.0.40219.1
Project("{FAE04EC0-301F-11D3-BF4B-00C04F79EFBC}") = "Forum", "Forum\Forum.csproj", "{91CD772B-A763-4870-8ED9-58385911F5A2}"
EndProject
Global
	GlobalSection(SolutionConfigurationPlatforms) = preSolution
		Debug|Any CPU = Debug|Any CPU
		Release|Any CPU = Release|Any CPU
	EndGlobalSection
	GlobalSection(ProjectConfigurationPlatforms) = postSolution
		{91CD772B-A763-4870-8ED9-58385911F5A2}.Debug|Any CPU.ActiveCfg = Debug|Any CPU
		{91CD772B-A763-4870-8ED9-58385911F5A2}.Debug|Any CPU.Build.0 = Debug|Any CPU
		{91CD772B-A763-4870-8ED9-58385911F5A2}.Release|Any CPU.ActiveCfg = Release|Any CPU
		{91CD772B-A763-4870-8ED9-58385911F5A2}.Release|Any CPU.Build.0 = Release|Any CPU
	EndGlobalSection
	GlobalSection(SolutionProperties) = preSolution
		HideSolutionNode = FALSE
	EndGlobalSection
	GlobalSection(ExtensibilityGlobals) = postSolution
		SolutionGuid = {A04D47A2-9DBF-4D1C-9F48-9CDE9E4447C6}
	EndGlobalSection
EndGlobal
